
Microsoft Visual Studio Solution File, Format Version 12.00
# Visual Studio Version 17
VisualStudioVersion = 17.0.31903.59
MinimumVisualStudioVersion = 10.0.40219.1
Project("{2150E333-8FDC-42A3-9474-1A3956D46DE8}") = "src", "src", "{5B531EA2-BCAD-4C3C-B6D0-9F82EF61A7A8}"
EndProject
Project("{2150E333-8FDC-42A3-9474-1A3956D46DE8}") = "CleanArchitecture", "CleanArchitecture", "{A8BD5E02-6377-432D-9569-BE79F81C58D7}"
EndProject
Project("{FAE04EC0-301F-11D3-BF4B-00C04F79EFBC}") = "CleanArchitecture.Domain", "src\CleanArchitecture\CleanArchitecture.Domain\CleanArchitecture.Domain.csproj", "{05E31E11-55C2-4EF7-9BF9-E5480672BBEE}"
EndProject
Project("{FAE04EC0-301F-11D3-BF4B-00C04F79EFBC}") = "CleanArchitecture.Application", "src\CleanArchitecture\CleanArchitecture.Application\CleanArchitecture.Application.csproj", "{9AA3CBB0-DD1A-4849-875C-EDD2A221D977}"
EndProject
Project("{FAE04EC0-301F-11D3-BF4B-00C04F79EFBC}") = "CleanArchitecture.Infrastructure", "src\CleanArchitecture\CleanArchitecture.Infrastructure\CleanArchitecture.Infrastructure.csproj", "{7E35512F-05EC-4779-BA56-F6D8F23A9379}"
EndProject
Project("{FAE04EC0-301F-11D3-BF4B-00C04F79EFBC}") = "CleanArchitecture.Api", "src\CleanArchitecture\CleanArchitecture.Api\CleanArchitecture.Api.csproj", "{1F04F800-4EB4-408E-B33E-3F09A5B08222}"
EndProject
Global
	GlobalSection(SolutionConfigurationPlatforms) = preSolution
		Debug|Any CPU = Debug|Any CPU
		Release|Any CPU = Release|Any CPU
	EndGlobalSection
	GlobalSection(SolutionProperties) = preSolution
		HideSolutionNode = FALSE
	EndGlobalSection
	GlobalSection(ProjectConfigurationPlatforms) = postSolution
		{05E31E11-55C2-4EF7-9BF9-E5480672BBEE}.Debug|Any CPU.ActiveCfg = Debug|Any CPU
		{05E31E11-55C2-4EF7-9BF9-E5480672BBEE}.Debug|Any CPU.Build.0 = Debug|Any CPU
		{05E31E11-55C2-4EF7-9BF9-E5480672BBEE}.Release|Any CPU.ActiveCfg = Release|Any CPU
		{05E31E11-55C2-4EF7-9BF9-E5480672BBEE}.Release|Any CPU.Build.0 = Release|Any CPU
		{9AA3CBB0-DD1A-4849-875C-EDD2A221D977}.Debug|Any CPU.ActiveCfg = Debug|Any CPU
		{9AA3CBB0-DD1A-4849-875C-EDD2A221D977}.Debug|Any CPU.Build.0 = Debug|Any CPU
		{9AA3CBB0-DD1A-4849-875C-EDD2A221D977}.Release|Any CPU.ActiveCfg = Release|Any CPU
		{9AA3CBB0-DD1A-4849-875C-EDD2A221D977}.Release|Any CPU.Build.0 = Release|Any CPU
		{7E35512F-05EC-4779-BA56-F6D8F23A9379}.Debug|Any CPU.ActiveCfg = Debug|Any CPU
		{7E35512F-05EC-4779-BA56-F6D8F23A9379}.Debug|Any CPU.Build.0 = Debug|Any CPU
		{7E35512F-05EC-4779-BA56-F6D8F23A9379}.Release|Any CPU.ActiveCfg = Release|Any CPU
		{7E35512F-05EC-4779-BA56-F6D8F23A9379}.Release|Any CPU.Build.0 = Release|Any CPU
		{1F04F800-4EB4-408E-B33E-3F09A5B08222}.Debug|Any CPU.ActiveCfg = Debug|Any CPU
		{1F04F800-4EB4-408E-B33E-3F09A5B08222}.Debug|Any CPU.Build.0 = Debug|Any CPU
		{1F04F800-4EB4-408E-B33E-3F09A5B08222}.Release|Any CPU.ActiveCfg = Release|Any CPU
		{1F04F800-4EB4-408E-B33E-3F09A5B08222}.Release|Any CPU.Build.0 = Release|Any CPU
	EndGlobalSection
	GlobalSection(NestedProjects) = preSolution
		{A8BD5E02-6377-432D-9569-BE79F81C58D7} = {5B531EA2-BCAD-4C3C-B6D0-9F82EF61A7A8}
		{05E31E11-55C2-4EF7-9BF9-E5480672BBEE} = {A8BD5E02-6377-432D-9569-BE79F81C58D7}
		{9AA3CBB0-DD1A-4849-875C-EDD2A221D977} = {A8BD5E02-6377-432D-9569-BE79F81C58D7}
		{7E35512F-05EC-4779-BA56-F6D8F23A9379} = {A8BD5E02-6377-432D-9569-BE79F81C58D7}
		{1F04F800-4EB4-408E-B33E-3F09A5B08222} = {A8BD5E02-6377-432D-9569-BE79F81C58D7}
	EndGlobalSection
EndGlobal
